{
  "lockfileVersion": 1,
  "workspaces": {
    "": {
      "name": "schichtplan-root",
      "dependencies": {
        "ogl": "^1.0.11",
        "react-hook-form": "^7.56.4",
        "zod": "^3.24.2",
      },
      "devDependencies": {
        "@happy-dom/global-registrator": "^17.5.6",
        "happy-dom": "^17.5.6",
      },
    },
  },
  "packages": {
    "@happy-dom/global-registrator": ["@happy-dom/global-registrator@17.5.6", "", { "dependencies": { "happy-dom": "^17.5.6" } }, "sha512-nOUwjNp1GJUgAE8cVHIWgOgCUaxTCQBbVbbuapf2rEvXVh4aauyZ/mgiLbMXSI3Xz8HgGbETkxeJRFdKIoYCzA=="],

    "happy-dom": ["happy-dom@17.5.6", "", { "dependencies": { "webidl-conversions": "^7.0.0", "whatwg-mimetype": "^3.0.0" } }, "sha512-B4U6jKuiizwCJ2WP0YreQmRdeBrHKOXhpz7YUbbwdSAKfWEhdG4UfWZOZTZ5Oejs/9yJtk7xmbfp8YdVL9LVFA=="],

    "ogl": ["ogl@1.0.11", "", {}, "sha512-kUpC154AFfxi16pmZUK4jk3J+8zxwTWGPo03EoYA8QPbzikHoaC82n6pNTbd+oEaJonaE8aPWBlX7ad9zrqLsA=="],

    "react": ["react@19.1.0", "", {}, "sha512-FS+XFBNvn3GTAWq26joslQgWNoFu08F4kl0J4CgdNKADkdSGXQyTCnKteIAJy96Br6YbpEU1LSzV5dYtjMkMDg=="],

    "react-hook-form": ["react-hook-form@7.56.4", "", { "peerDependencies": { "react": "^16.8.0 || ^17 || ^18 || ^19" } }, "sha512-Rob7Ftz2vyZ/ZGsQZPaRdIefkgOSrQSPXfqBdvOPwJfoGnjwRJUs7EM7Kc1mcoDv3NOtqBzPGbcMB8CGn9CKgw=="],

    "webidl-conversions": ["webidl-conversions@7.0.0", "", {}, "sha512-VwddBukDzu71offAQR975unBIGqfKZpM+8ZX6ySk8nYhVoo5CYaZyzt3YBvYtRtO+aoGlqxPg/B87NGVZ/fu6g=="],

    "whatwg-mimetype": ["whatwg-mimetype@3.0.0", "", {}, "sha512-nt+N2dzIutVRxARx1nghPKGv1xHikU7HKdfafKkLNLindmPU/ch3U31NOCGGA/dmPcmb1VlofO0vnKAcsm0o/Q=="],

    "zod": ["zod@3.24.2", "", {}, "sha512-lY7CDW43ECgW9u1TcT3IoXHflywfVqDYze4waEz812jR/bZ8FHDsl7pFQoSZTz5N+2NqRXs8GBwnAwo3ZNxqhQ=="],
  }
}
