{
  "name": "schichtplan-root",
  "version": "1.0.0",
  "lockfileVersion": 3,
  "requires": true,
  "packages": {
    "": {
      "name": "schichtplan-root",
      "version": "1.0.0",
      "dependencies": {
        "ogl": "^1.0.11",
        "react-hook-form": "^7.56.4",
        "zod": "^3.24.2"
      },
      "devDependencies": {
        "@happy-dom/global-registrator": "^17.5.6",
        "happy-dom": "^17.5.6"
      }
    },
    "node_modules/@happy-dom/global-registrator": {
      "version": "17.5.6",
      "resolved": "https://registry.npmjs.org/@happy-dom/global-registrator/-/global-registrator-17.5.6.tgz",
      "integrity": "sha512-nOUwjNp1GJUgAE8cVHIWgOgCUaxTCQBbVbbuapf2rEvXVh4aauyZ/mgiLbMXSI3Xz8HgGbETkxeJRFdKIoYCzA==",
      "dev": true,
      "license": "MIT",
      "dependencies": {
        "happy-dom": "^17.5.6"
      },
      "engines": {
        "node": ">=18.0.0"
      }
    },
    "node_modules/happy-dom": {
      "version": "17.5.6",
      "resolved": "https://registry.npmjs.org/happy-dom/-/happy-dom-17.5.6.tgz",
      "integrity": "sha512-B4U6jKuiizwCJ2WP0YreQmRdeBrHKOXhpz7YUbbwdSAKfWEhdG4UfWZOZTZ5Oejs/9yJtk7xmbfp8YdVL9LVFA==",
      "dev": true,
      "license": "MIT",
      "dependencies": {
        "webidl-conversions": "^7.0.0",
        "whatwg-mimetype": "^3.0.0"
      },
      "engines": {
        "node": ">=18.0.0"
      }
    },
    "node_modules/ogl": {
      "version": "1.0.11",
      "resolved": "https://registry.npmjs.org/ogl/-/ogl-1.0.11.tgz",
      "integrity": "sha512-kUpC154AFfxi16pmZUK4jk3J+8zxwTWGPo03EoYA8QPbzikHoaC82n6pNTbd+oEaJonaE8aPWBlX7ad9zrqLsA==",
      "license": "Unlicense"
    },
    "node_modules/react": {
      "version": "19.1.0",
      "resolved": "https://registry.npmjs.org/react/-/react-19.1.0.tgz",
      "integrity": "sha512-FS+XFBNvn3GTAWq26joslQgWNoFu08F4kl0J4CgdNKADkdSGXQyTCnKteIAJy96Br6YbpEU1LSzV5dYtjMkMDg==",
      "license": "MIT",
      "peer": true,
      "engines": {
        "node": ">=0.10.0"
      }
    },
    "node_modules/react-hook-form": {
      "version": "7.56.4",
      "resolved": "https://registry.npmjs.org/react-hook-form/-/react-hook-form-7.56.4.tgz",
      "integrity": "sha512-Rob7Ftz2vyZ/ZGsQZPaRdIefkgOSrQSPXfqBdvOPwJfoGnjwRJUs7EM7Kc1mcoDv3NOtqBzPGbcMB8CGn9CKgw==",
      "license": "MIT",
      "engines": {
        "node": ">=18.0.0"
      },
      "funding": {
        "type": "opencollective",
        "url": "https://opencollective.com/react-hook-form"
      },
      "peerDependencies": {
        "react": "^16.8.0 || ^17 || ^18 || ^19"
      }
    },
    "node_modules/webidl-conversions": {
      "version": "7.0.0",
      "resolved": "https://registry.npmjs.org/webidl-conversions/-/webidl-conversions-7.0.0.tgz",
      "integrity": "sha512-VwddBukDzu71offAQR975unBIGqfKZpM+8ZX6ySk8nYhVoo5CYaZyzt3YBvYtRtO+aoGlqxPg/B87NGVZ/fu6g==",
      "dev": true,
      "license": "BSD-2-Clause",
      "engines": {
        "node": ">=12"
      }
    },
    "node_modules/whatwg-mimetype": {
      "version": "3.0.0",
      "resolved": "https://registry.npmjs.org/whatwg-mimetype/-/whatwg-mimetype-3.0.0.tgz",
      "integrity": "sha512-nt+N2dzIutVRxARx1nghPKGv1xHikU7HKdfafKkLNLindmPU/ch3U31NOCGGA/dmPcmb1VlofO0vnKAcsm0o/Q==",
      "dev": true,
      "license": "MIT",
      "engines": {
        "node": ">=12"
      }
    },
    "node_modules/zod": {
      "version": "3.24.2",
      "resolved": "https://registry.npmjs.org/zod/-/zod-3.24.2.tgz",
      "integrity": "sha512-lY7CDW43ECgW9u1TcT3IoXHflywfVqDYze4waEz812jR/bZ8FHDsl7pFQoSZTz5N+2NqRXs8GBwnAwo3ZNxqhQ==",
      "license": "MIT",
      "funding": {
        "url": "https://github.com/sponsors/colinhacks"
      }
    }
  }
}
